
Microsoft Visual Studio Solution File, Format Version 12.00
# Visual Studio Version 17
VisualStudioVersion = 17.8.34330.188
MinimumVisualStudioVersion = 10.0.40219.1
Project("{FAE04EC0-301F-11D3-BF4B-00C04F79EFBC}") = "lab_final_attempt2", "lab_final_attempt2\lab_final_attempt2.csproj", "{DE96A752-CF8A-4C25-988C-E85EC3E05BE0}"
EndProject
Global
	GlobalSection(SolutionConfigurationPlatforms) = preSolution
		Debug|Any CPU = Debug|Any CPU
		Release|Any CPU = Release|Any CPU
	EndGlobalSection
	GlobalSection(ProjectConfigurationPlatforms) = postSolution
		{DE96A752-CF8A-4C25-988C-E85EC3E05BE0}.Debug|Any CPU.ActiveCfg = Debug|Any CPU
		{DE96A752-CF8A-4C25-988C-E85EC3E05BE0}.Debug|Any CPU.Build.0 = Debug|Any CPU
		{DE96A752-CF8A-4C25-988C-E85EC3E05BE0}.Release|Any CPU.ActiveCfg = Release|Any CPU
		{DE96A752-CF8A-4C25-988C-E85EC3E05BE0}.Release|Any CPU.Build.0 = Release|Any CPU
	EndGlobalSection
	GlobalSection(SolutionProperties) = preSolution
		HideSolutionNode = FALSE
	EndGlobalSection
	GlobalSection(ExtensibilityGlobals) = postSolution
		SolutionGuid = {8716C2B5-54D1-472C-B990-60498BDA9166}
	EndGlobalSection
EndGlobal
